// !$*UTF8*$!
{
	archiveVersion = 1;
	classes = {
	};
	objectVersion = 77;
	objects = {

/* Begin PBXContainerItemProxy section */
		E140B5B42E62DB1900D3F567 /* PBXContainerItemProxy */ = {
			isa = PBXContainerItemProxy;
			containerPortal = E140B59E2E62DB1800D3F567 /* Project object */;
			proxyType = 1;
			remoteGlobalIDString = E140B5A52E62DB1800D3F567;
			remoteInfo = "Carbon Saver";
		};
		E140B5BE2E62DB1900D3F567 /* PBXContainerItemProxy */ = {
			isa = PBXContainerItemProxy;
			containerPortal = E140B59E2E62DB1800D3F567 /* Project object */;
			proxyType = 1;
			remoteGlobalIDString = E140B5A52E62DB1800D3F567;
			remoteInfo = "Carbon Saver";
		};
/* End PBXContainerItemProxy section */

/* Begin PBXFileReference section */
		E140B5A62E62DB1800D3F567 /* Carbon Saver.app */ = {isa = PBXFileReference; explicitFileType = wrapper.application; includeInIndex = 0; path = "Carbon Saver.app"; sourceTree = BUILT_PRODUCTS_DIR; };
		E140B5B32E62DB1900D3F567 /* Carbon SaverTests.xctest */ = {isa = PBXFileReference; explicitFileType = wrapper.cfbundle; includeInIndex = 0; path = "Carbon SaverTests.xctest"; sourceTree = BUILT_PRODUCTS_DIR; };
		E140B5BD2E62DB1900D3F567 /* Carbon SaverUITests.xctest */ = {isa = PBXFileReference; explicitFileType = wrapper.cfbundle; includeInIndex = 0; path = "Carbon SaverUITests.xctest"; sourceTree = BUILT_PRODUCTS_DIR; };
/* End PBXFileReference section */

/* Begin PBXFileSystemSynchronizedRootGroup section */
		E140B5A82E62DB1800D3F567 /* Carbon Saver */ = {
			isa = PBXFileSystemSynchronizedRootGroup;
			path = "Carbon Saver";
			sourceTree = "<group>";
		};
		E140B5B62E62DB1900D3F567 /* Carbon SaverTests */ = {
			isa = PBXFileSystemSynchronizedRootGroup;
			path = "Carbon SaverTests";
			sourceTree = "<group>";
		};
		E140B5C02E62DB1900D3F567 /* Carbon SaverUITests */ = {
			isa = PBXFileSystemSynchronizedRootGroup;
			path = "Carbon SaverUITests";
			sourceTree = "<group>";
		};
/* End PBXFileSystemSynchronizedRootGroup section */

/* Begin PBXFrameworksBuildPhase section */
		E140B5A32E62DB1800D3F567 /* Frameworks */ = {
			isa = PBXFrameworksBuildPhase;
			buildActionMask = 2147483647;
			files = (
			);
			runOnlyForDeploymentPostprocessing = 0;
		};
		E140B5B02E62DB1900D3F567 /* Frameworks */ = {
			isa = PBXFrameworksBuildPhase;
			buildActionMask = 2147483647;
			files = (
			);
			runOnlyForDeploymentPostprocessing = 0;
		};
		E140B5BA2E62DB1900D3F567 /* Frameworks */ = {
			isa = PBXFrameworksBuildPhase;
			buildActionMask = 2147483647;
			files = (
			);
			runOnlyForDeploymentPostprocessing = 0;
		};
/* End PBXFrameworksBuildPhase section */

/* Begin PBXGroup section */
		E140B59D2E62DB1800D3F567 = {
			isa = PBXGroup;
			children = (
				E140B5A82E62DB1800D3F567 /* Carbon Saver */,
				E140B5B62E62DB1900D3F567 /* Carbon SaverTests */,
				E140B5C02E62DB1900D3F567 /* Carbon SaverUITests */,
				E140B5A72E62DB1800D3F567 /* Products */,
			);
			sourceTree = "<group>";
		};
		E140B5A72E62DB1800D3F567 /* Products */ = {
			isa = PBXGroup;
			children = (
				E140B5A62E62DB1800D3F567 /* Carbon Saver.app */,
				E140B5B32E62DB1900D3F567 /* Carbon SaverTests.xctest */,
				E140B5BD2E62DB1900D3F567 /* Carbon SaverUITests.xctest */,
			);
			name = Products;
			sourceTree = "<group>";
		};
/* End PBXGroup section */

/* Begin PBXNativeTarget section */
		E140B5A52E62DB1800D3F567 /* Carbon Saver */ = {
			isa = PBXNativeTarget;
			buildConfigurationList = E140B5C72E62DB1900D3F567 /* Build configuration list for PBXNativeTarget "Carbon Saver" */;
			buildPhases = (
				E140B5A22E62DB1800D3F567 /* Sources */,
				E140B5A32E62DB1800D3F567 /* Frameworks */,
				E140B5A42E62DB1800D3F567 /* Resources */,
			);
			buildRules = (
			);
			dependencies = (
			);
			fileSystemSynchronizedGroups = (
				E140B5A82E62DB1800D3F567 /* Carbon Saver */,
			);
			name = "Carbon Saver";
			packageProductDependencies = (
			);
			productName = "Carbon Saver";
			productReference = E140B5A62E62DB1800D3F567 /* Carbon Saver.app */;
			productType = "com.apple.product-type.application";
		};
		E140B5B22E62DB1900D3F567 /* Carbon SaverTests */ = {
			isa = PBXNativeTarget;
			buildConfigurationList = E140B5CA2E62DB1900D3F567 /* Build configuration list for PBXNativeTarget "Carbon SaverTests" */;
			buildPhases = (
				E140B5AF2E62DB1900D3F567 /* Sources */,
				E140B5B02E62DB1900D3F567 /* Frameworks */,
				E140B5B12E62DB1900D3F567 /* Resources */,
			);
			buildRules = (
			);
			dependencies = (
				E140B5B52E62DB1900D3F567 /* PBXTargetDependency */,
			);
			fileSystemSynchronizedGroups = (
				E140B5B62E62DB1900D3F567 /* Carbon SaverTests */,
			);
			name = "Carbon SaverTests";
			packageProductDependencies = (
			);
			productName = "Carbon SaverTests";
			productReference = E140B5B32E62DB1900D3F567 /* Carbon SaverTests.xctest */;
			productType = "com.apple.product-type.bundle.unit-test";
		};
		E140B5BC2E62DB1900D3F567 /* Carbon SaverUITests */ = {
			isa = PBXNativeTarget;
			buildConfigurationList = E140B5CD2E62DB1900D3F567 /* Build configuration list for PBXNativeTarget "Carbon SaverUITests" */;
			buildPhases = (
				E140B5B92E62DB1900D3F567 /* Sources */,
				E140B5BA2E62DB1900D3F567 /* Frameworks */,
				E140B5BB2E62DB1900D3F567 /* Resources */,
			);
			buildRules = (
			);
			dependencies = (
				E140B5BF2E62DB1900D3F567 /* PBXTargetDependency */,
			);
			fileSystemSynchronizedGroups = (
				E140B5C02E62DB1900D3F567 /* Carbon SaverUITests */,
			);
			name = "Carbon SaverUITests";
			packageProductDependencies = (
			);
			productName = "Carbon SaverUITests";
			productReference = E140B5BD2E62DB1900D3F567 /* Carbon SaverUITests.xctest */;
			productType = "com.apple.product-type.bundle.ui-testing";
		};
/* End PBXNativeTarget section */

/* Begin PBXProject section */
		E140B59E2E62DB1800D3F567 /* Project object */ = {
			isa = PBXProject;
			attributes = {
				BuildIndependentTargetsInParallel = 1;
				LastSwiftUpdateCheck = 1640;
				LastUpgradeCheck = 1640;
				TargetAttributes = {
					E140B5A52E62DB1800D3F567 = {
						CreatedOnToolsVersion = 16.4;
					};
					E140B5B22E62DB1900D3F567 = {
						CreatedOnToolsVersion = 16.4;
						TestTargetID = E140B5A52E62DB1800D3F567;
					};
					E140B5BC2E62DB1900D3F567 = {
						CreatedOnToolsVersion = 16.4;
						TestTargetID = E140B5A52E62DB1800D3F567;
					};
				};
			};
			buildConfigurationList = E140B5A12E62DB1800D3F567 /* Build configuration list for PBXProject "Carbon Saver" */;
			developmentRegion = en;
			hasScannedForEncodings = 0;
			knownRegions = (
				en,
				Base,
			);
			mainGroup = E140B59D2E62DB1800D3F567;
			minimizedProjectReferenceProxies = 1;
			preferredProjectObjectVersion = 77;
			productRefGroup = E140B5A72E62DB1800D3F567 /* Products */;
			projectDirPath = "";
			projectRoot = "";
			targets = (
				E140B5A52E62DB1800D3F567 /* Carbon Saver */,
				E140B5B22E62DB1900D3F567 /* Carbon SaverTests */,
				E140B5BC2E62DB1900D3F567 /* Carbon SaverUITests */,
			);
		};
/* End PBXProject section */

/* Begin PBXResourcesBuildPhase section */
		E140B5A42E62DB1800D3F567 /* Resources */ = {
			isa = PBXResourcesBuildPhase;
			buildActionMask = 2147483647;
			files = (
			);
			runOnlyForDeploymentPostprocessing = 0;
		};
		E140B5B12E62DB1900D3F567 /* Resources */ = {
			isa = PBXResourcesBuildPhase;
			buildActionMask = 2147483647;
			files = (
			);
			runOnlyForDeploymentPostprocessing = 0;
		};
		E140B5BB2E62DB1900D3F567 /* Resources */ = {
			isa = PBXResourcesBuildPhase;
			buildActionMask = 2147483647;
			files = (
			);
			runOnlyForDeploymentPostprocessing = 0;
		};
/* End PBXResourcesBuildPhase section */

/* Begin PBXSourcesBuildPhase section */
		E140B5A22E62DB1800D3F567 /* Sources */ = {
			isa = PBXSourcesBuildPhase;
			buildActionMask = 2147483647;
			files = (
			);
			runOnlyForDeploymentPostprocessing = 0;
		};
		E140B5AF2E62DB1900D3F567 /* Sources */ = {
			isa = PBXSourcesBuildPhase;
			buildActionMask = 2147483647;
			files = (
			);
			runOnlyForDeploymentPostprocessing = 0;
		};
		E140B5B92E62DB1900D3F567 /* Sources */ = {
			isa = PBXSourcesBuildPhase;
			buildActionMask = 2147483647;
			files = (
			);
			runOnlyForDeploymentPostprocessing = 0;
		};
/* End PBXSourcesBuildPhase section */

/* Begin PBXTargetDependency section */
		E140B5B52E62DB1900D3F567 /* PBXTargetDependency */ = {
			isa = PBXTargetDependency;
			target = E140B5A52E62DB1800D3F567 /* Carbon Saver */;
			targetProxy = E140B5B42E62DB1900D3F567 /* PBXContainerItemProxy */;
		};
		E140B5BF2E62DB1900D3F567 /* PBXTargetDependency */ = {
			isa = PBXTargetDependency;
			target = E140B5A52E62DB1800D3F567 /* Carbon Saver */;
			targetProxy = E140B5BE2E62DB1900D3F567 /* PBXContainerItemProxy */;
		};
/* End PBXTargetDependency section */

/* Begin XCBuildConfiguration section */
		E140B5C52E62DB1900D3F567 /* Debug */ = {
			isa = XCBuildConfiguration;
			buildSettings = {
				ALWAYS_SEARCH_USER_PATHS = NO;
				ASSETCATALOG_COMPILER_GENERATE_SWIFT_ASSET_SYMBOL_EXTENSIONS = YES;
				CLANG_ANALYZER_NONNULL = YES;
				CLANG_ANALYZER_NUMBER_OBJECT_CONVERSION = YES_AGGRESSIVE;
				CLANG_CXX_LANGUAGE_STANDARD = "gnu++20";
				CLANG_ENABLE_MODULES = YES;
				CLANG_ENABLE_OBJC_ARC = YES;
				CLANG_ENABLE_OBJC_WEAK = YES;
				CLANG_WARN_BLOCK_CAPTURE_AUTORELEASING = YES;
				CLANG_WARN_BOOL_CONVERSION = YES;
				CLANG_WARN_COMMA = YES;
				CLANG_WARN_CONSTANT_CONVERSION = YES;
				CLANG_WARN_DEPRECATED_OBJC_IMPLEMENTATIONS = YES;
				CLANG_WARN_DIRECT_OBJC_ISA_USAGE = YES_ERROR;
				CLANG_WARN_DOCUMENTATION_COMMENTS = YES;
				CLANG_WARN_EMPTY_BODY = YES;
				CLANG_WARN_ENUM_CONVERSION = YES;
				CLANG_WARN_INFINITE_RECURSION = YES;
				CLANG_WARN_INT_CONVERSION = YES;
				CLANG_WARN_NON_LITERAL_NULL_CONVERSION = YES;
				CLANG_WARN_OBJC_IMPLICIT_RETAIN_SELF = YES;
				CLANG_WARN_OBJC_LITERAL_CONVERSION = YES;
				CLANG_WARN_OBJC_ROOT_CLASS = YES_ERROR;
				CLANG_WARN_QUOTED_INCLUDE_IN_FRAMEWORK_HEADER = YES;
				CLANG_WARN_RANGE_LOOP_ANALYSIS = YES;
				CLANG_WARN_STRICT_PROTOTYPES = YES;
				CLANG_WARN_SUSPICIOUS_MOVE = YES;
				CLANG_WARN_UNGUARDED_AVAILABILITY = YES_AGGRESSIVE;
				CLANG_WARN_UNREACHABLE_CODE = YES;
				CLANG_WARN__DUPLICATE_METHOD_MATCH = YES;
				COPY_PHASE_STRIP = NO;
				DEBUG_INFORMATION_FORMAT = dwarf;
				ENABLE_STRICT_OBJC_MSGSEND = YES;
				ENABLE_TESTABILITY = YES;
				ENABLE_USER_SCRIPT_SANDBOXING = YES;
				GCC_C_LANGUAGE_STANDARD = gnu17;
				GCC_DYNAMIC_NO_PIC = NO;
				GCC_NO_COMMON_BLOCKS = YES;
				GCC_OPTIMIZATION_LEVEL = 0;
				GCC_PREPROCESSOR_DEFINITIONS = (
					"DEBUG=1",
					"$(inherited)",
				);
				GCC_WARN_64_TO_32_BIT_CONVERSION = YES;
				GCC_WARN_ABOUT_RETURN_TYPE = YES_ERROR;
				GCC_WARN_UNDECLARED_SELECTOR = YES;
				GCC_WARN_UNINITIALIZED_AUTOS = YES_AGGRESSIVE;
				GCC_WARN_UNUSED_FUNCTION = YES;
				GCC_WARN_UNUSED_VARIABLE = YES;
				INFOPLIST_FILE = "Carbon Saver/Carbon-Saver-Info.plist";
				IPHONEOS_DEPLOYMENT_TARGET = 18.5;
				LOCALIZATION_PREFERS_STRING_CATALOGS = YES;
				MTL_ENABLE_DEBUG_INFO = INCLUDE_SOURCE;
				MTL_FAST_MATH = YES;
				ONLY_ACTIVE_ARCH = YES;
				SDKROOT = iphoneos;
				SWIFT_ACTIVE_COMPILATION_CONDITIONS = "DEBUG $(inherited)";
				SWIFT_OPTIMIZATION_LEVEL = "-Onone";
			};
			name = Debug;
		};
		E140B5C62E62DB1900D3F567 /* Release */ = {
			isa = XCBuildConfiguration;
			buildSettings = {
				ALWAYS_SEARCH_USER_PATHS = NO;
				ASSETCATALOG_COMPILER_GENERATE_SWIFT_ASSET_SYMBOL_EXTENSIONS = YES;
				CLANG_ANALYZER_NONNULL = YES;
				CLANG_ANALYZER_NUMBER_OBJECT_CONVERSION = YES_AGGRESSIVE;
				CLANG_CXX_LANGUAGE_STANDARD = "gnu++20";
				CLANG_ENABLE_MODULES = YES;
				CLANG_ENABLE_OBJC_ARC = YES;
				CLANG_ENABLE_OBJC_WEAK = YES;
				CLANG_WARN_BLOCK_CAPTURE_AUTORELEASING = YES;
				CLANG_WARN_BOOL_CONVERSION = YES;
				CLANG_WARN_COMMA = YES;
				CLANG_WARN_CONSTANT_CONVERSION = YES;
				CLANG_WARN_DEPRECATED_OBJC_IMPLEMENTATIONS = YES;
				CLANG_WARN_DIRECT_OBJC_ISA_USAGE = YES_ERROR;
				CLANG_WARN_DOCUMENTATION_COMMENTS = YES;
				CLANG_WARN_EMPTY_BODY = YES;
				CLANG_WARN_ENUM_CONVERSION = YES;
				CLANG_WARN_INFINITE_RECURSION = YES;
				CLANG_WARN_INT_CONVERSION = YES;
				CLANG_WARN_NON_LITERAL_NULL_CONVERSION = YES;
				CLANG_WARN_OBJC_IMPLICIT_RETAIN_SELF = YES;
				CLANG_WARN_OBJC_LITERAL_CONVERSION = YES;
				CLANG_WARN_OBJC_ROOT_CLASS = YES_ERROR;
				CLANG_WARN_QUOTED_INCLUDE_IN_FRAMEWORK_HEADER = YES;
				CLANG_WARN_RANGE_LOOP_ANALYSIS = YES;
				CLANG_WARN_STRICT_PROTOTYPES = YES;
				CLANG_WARN_SUSPICIOUS_MOVE = YES;
				CLANG_WARN_UNGUARDED_AVAILABILITY = YES_AGGRESSIVE;
				CLANG_WARN_UNREACHABLE_CODE = YES;
				CLANG_WARN__DUPLICATE_METHOD_MATCH = YES;
				COPY_PHASE_STRIP = NO;
				DEBUG_INFORMATION_FORMAT = "dwarf-with-dsym";
				ENABLE_NS_ASSERTIONS = NO;
				ENABLE_STRICT_OBJC_MSGSEND = YES;
				ENABLE_USER_SCRIPT_SANDBOXING = YES;
				GCC_C_LANGUAGE_STANDARD = gnu17;
				GCC_NO_COMMON_BLOCKS = YES;
				GCC_WARN_64_TO_32_BIT_CONVERSION = YES;
				GCC_WARN_ABOUT_RETURN_TYPE = YES_ERROR;
				GCC_WARN_UNDECLARED_SELECTOR = YES;
				GCC_WARN_UNINITIALIZED_AUTOS = YES_AGGRESSIVE;
				GCC_WARN_UNUSED_FUNCTION = YES;
				GCC_WARN_UNUSED_VARIABLE = YES;
				INFOPLIST_FILE = "Carbon Saver/Carbon-Saver-Info.plist";
				IPHONEOS_DEPLOYMENT_TARGET = 18.5;
				LOCALIZATION_PREFERS_STRING_CATALOGS = YES;
				MTL_ENABLE_DEBUG_INFO = NO;
				MTL_FAST_MATH = YES;
				SDKROOT = iphoneos;
				SWIFT_COMPILATION_MODE = wholemodule;
				VALIDATE_PRODUCT = YES;
			};
			name = Release;
		};
		E140B5C82E62DB1900D3F567 /* Debug */ = {
			isa = XCBuildConfiguration;
			buildSettings = {
				ASSETCATALOG_COMPILER_APPICON_NAME = AppIcon;
				ASSETCATALOG_COMPILER_GLOBAL_ACCENT_COLOR_NAME = AccentColor;
				CODE_SIGN_STYLE = Automatic;
				CURRENT_PROJECT_VERSION = 1;
				DEVELOPMENT_TEAM = 943H7C2MA6;
				ENABLE_PREVIEWS = YES;
				GENERATE_INFOPLIST_FILE = YES;
				INFOPLIST_FILE = "Carbon-Saver-Info.plist";
				INFOPLIST_KEY_NSLocationAlwaysAndWhenInUseUsageDescription = "Carbon Saver needs access to your location to track your sustainable transportation routes and calculate carbon emissions saved.";
				INFOPLIST_KEY_NSLocationWhenInUseUsageDescription = "Carbon Saver needs access to your location to track your sustainable transportation routes and calculate carbon emissions saved.";
				INFOPLIST_KEY_UIApplicationSceneManifest_Generation = YES;
				INFOPLIST_KEY_UIApplicationSupportsIndirectInputEvents = YES;
				INFOPLIST_KEY_UILaunchScreen_Generation = YES;
				INFOPLIST_KEY_UISupportedInterfaceOrientations_iPad = "UIInterfaceOrientationPortrait UIInterfaceOrientationPortraitUpsideDown UIInterfaceOrientationLandscapeLeft UIInterfaceOrientationLandscapeRight";
				INFOPLIST_KEY_UISupportedInterfaceOrientations_iPhone = "UIInterfaceOrientationPortrait UIInterfaceOrientationLandscapeLeft UIInterfaceOrientationLandscapeRight";
				LD_RUNPATH_SEARCH_PATHS = (
					"$(inherited)",
					"@executable_path/Frameworks",
				);
				MARKETING_VERSION = 1.0;
				PRODUCT_BUNDLE_IDENTIFIER = "name.Jinghan.Carbon-Saver-2";
				PRODUCT_NAME = "$(TARGET_NAME)";
				SWIFT_EMIT_LOC_STRINGS = YES;
				SWIFT_VERSION = 5.0;
				TARGETED_DEVICE_FAMILY = "1,2";
			};
			name = Debug;
		};
		E140B5C92E62DB1900D3F567 /* Release */ = {
			isa = XCBuildConfiguration;
			buildSettings = {
				ASSETCATALOG_COMPILER_APPICON_NAME = AppIcon;
				ASSETCATALOG_COMPILER_GLOBAL_ACCENT_COLOR_NAME = AccentColor;
				CODE_SIGN_STYLE = Automatic;
				CURRENT_PROJECT_VERSION = 1;
				DEVELOPMENT_TEAM = 943H7C2MA6;
				ENABLE_PREVIEWS = YES;
				GENERATE_INFOPLIST_FILE = YES;
				INFOPLIST_FILE = "Carbon-Saver-Info.plist";
				INFOPLIST_KEY_NSLocationAlwaysAndWhenInUseUsageDescription = "Carbon Saver needs access to your location to track your sustainable transportation routes and calculate carbon emissions saved.";
				INFOPLIST_KEY_NSLocationWhenInUseUsageDescription = "Carbon Saver needs access to your location to track your sustainable transportation routes and calculate carbon emissions saved.";
				INFOPLIST_KEY_UIApplicationSceneManifest_Generation = YES;
				INFOPLIST_KEY_UIApplicationSupportsIndirectInputEvents = YES;
				INFOPLIST_KEY_UILaunchScreen_Generation = YES;
				INFOPLIST_KEY_UISupportedInterfaceOrientations_iPad = "UIInterfaceOrientationPortrait UIInterfaceOrientationPortraitUpsideDown UIInterfaceOrientationLandscapeLeft UIInterfaceOrientationLandscapeRight";
				INFOPLIST_KEY_UISupportedInterfaceOrientations_iPhone = "UIInterfaceOrientationPortrait UIInterfaceOrientationLandscapeLeft UIInterfaceOrientationLandscapeRight";
				LD_RUNPATH_SEARCH_PATHS = (
					"$(inherited)",
					"@executable_path/Frameworks",
				);
				MARKETING_VERSION = 1.0;
				PRODUCT_BUNDLE_IDENTIFIER = "name.Jinghan.Carbon-Saver-2";
				PRODUCT_NAME = "$(TARGET_NAME)";
				SWIFT_EMIT_LOC_STRINGS = YES;
				SWIFT_VERSION = 5.0;
				TARGETED_DEVICE_FAMILY = "1,2";
			};
			name = Release;
		};
		E140B5CB2E62DB1900D3F567 /* Debug */ = {
			isa = XCBuildConfiguration;
			buildSettings = {
				BUNDLE_LOADER = "$(TEST_HOST)";
				CODE_SIGN_STYLE = Automatic;
				CURRENT_PROJECT_VERSION = 1;
				GENERATE_INFOPLIST_FILE = YES;
				IPHONEOS_DEPLOYMENT_TARGET = 18.5;
				MARKETING_VERSION = 1.0;
				PRODUCT_BUNDLE_IDENTIFIER = "name.Jinghan.Carbon-SaverTests";
				PRODUCT_NAME = "$(TARGET_NAME)";
				SWIFT_EMIT_LOC_STRINGS = NO;
				SWIFT_VERSION = 5.0;
				TARGETED_DEVICE_FAMILY = "1,2";
				TEST_HOST = "$(BUILT_PRODUCTS_DIR)/Carbon Saver.app/$(BUNDLE_EXECUTABLE_FOLDER_PATH)/Carbon Saver";
			};
			name = Debug;
		};
		E140B5CC2E62DB1900D3F567 /* Release */ = {
			isa = XCBuildConfiguration;
			buildSettings = {
				BUNDLE_LOADER = "$(TEST_HOST)";
				CODE_SIGN_STYLE = Automatic;
				CURRENT_PROJECT_VERSION = 1;
				GENERATE_INFOPLIST_FILE = YES;
				IPHONEOS_DEPLOYMENT_TARGET = 18.5;
				MARKETING_VERSION = 1.0;
				PRODUCT_BUNDLE_IDENTIFIER = "name.Jinghan.Carbon-SaverTests";
				PRODUCT_NAME = "$(TARGET_NAME)";
				SWIFT_EMIT_LOC_STRINGS = NO;
				SWIFT_VERSION = 5.0;
				TARGETED_DEVICE_FAMILY = "1,2";
				TEST_HOST = "$(BUILT_PRODUCTS_DIR)/Carbon Saver.app/$(BUNDLE_EXECUTABLE_FOLDER_PATH)/Carbon Saver";
			};
			name = Release;
		};
		E140B5CE2E62DB1900D3F567 /* Debug */ = {
			isa = XCBuildConfiguration;
			buildSettings = {
				CODE_SIGN_STYLE = Automatic;
				CURRENT_PROJECT_VERSION = 1;
				GENERATE_INFOPLIST_FILE = YES;
				MARKETING_VERSION = 1.0;
				PRODUCT_BUNDLE_IDENTIFIER = "name.Jinghan.Carbon-SaverUITests";
				PRODUCT_NAME = "$(TARGET_NAME)";
				SWIFT_EMIT_LOC_STRINGS = NO;
				SWIFT_VERSION = 5.0;
				TARGETED_DEVICE_FAMILY = "1,2";
				TEST_TARGET_NAME = "Carbon Saver";
			};
			name = Debug;
		};
		E140B5CF2E62DB1900D3F567 /* Release */ = {
			isa = XCBuildConfiguration;
			buildSettings = {
				CODE_SIGN_STYLE = Automatic;
				CURRENT_PROJECT_VERSION = 1;
				GENERATE_INFOPLIST_FILE = YES;
				MARKETING_VERSION = 1.0;
				PRODUCT_BUNDLE_IDENTIFIER = "name.Jinghan.Carbon-SaverUITests";
				PRODUCT_NAME = "$(TARGET_NAME)";
				SWIFT_EMIT_LOC_STRINGS = NO;
				SWIFT_VERSION = 5.0;
				TARGETED_DEVICE_FAMILY = "1,2";
				TEST_TARGET_NAME = "Carbon Saver";
			};
			name = Release;
		};
/* End XCBuildConfiguration section */

/* Begin XCConfigurationList section */
		E140B5A12E62DB1800D3F567 /* Build configuration list for PBXProject "Carbon Saver" */ = {
			isa = XCConfigurationList;
			buildConfigurations = (
				E140B5C52E62DB1900D3F567 /* Debug */,
				E140B5C62E62DB1900D3F567 /* Release */,
			);
			defaultConfigurationIsVisible = 0;
			defaultConfigurationName = Release;
		};
		E140B5C72E62DB1900D3F567 /* Build configuration list for PBXNativeTarget "Carbon Saver" */ = {
			isa = XCConfigurationList;
			buildConfigurations = (
				E140B5C82E62DB1900D3F567 /* Debug */,
				E140B5C92E62DB1900D3F567 /* Release */,
			);
			defaultConfigurationIsVisible = 0;
			defaultConfigurationName = Release;
		};
		E140B5CA2E62DB1900D3F567 /* Build configuration list for PBXNativeTarget "Carbon SaverTests" */ = {
			isa = XCConfigurationList;
			buildConfigurations = (
				E140B5CB2E62DB1900D3F567 /* Debug */,
				E140B5CC2E62DB1900D3F567 /* Release */,
			);
			defaultConfigurationIsVisible = 0;
			defaultConfigurationName = Release;
		};
		E140B5CD2E62DB1900D3F567 /* Build configuration list for PBXNativeTarget "Carbon SaverUITests" */ = {
			isa = XCConfigurationList;
			buildConfigurations = (
				E140B5CE2E62DB1900D3F567 /* Debug */,
				E140B5CF2E62DB1900D3F567 /* Release */,
			);
			defaultConfigurationIsVisible = 0;
			defaultConfigurationName = Release;
		};
/* End XCConfigurationList section */
	};
	rootObject = E140B59E2E62DB1800D3F567 /* Project object */;
}
